
Microsoft Visual Studio Solution File, Format Version 12.00
# Visual Studio Version 16
VisualStudioVersion = 16.0.29509.3
MinimumVisualStudioVersion = 10.0.40219.1
Project("{9A19103F-16F7-4668-BE54-9A1E7A4F7556}") = "HerkansingAD", "HerkansingAD\HerkansingAD.csproj", "{C82E5223-D581-4166-AD57-05BAD6AF5D04}"
EndProject
Project("{FAE04EC0-301F-11D3-BF4B-00C04F79EFBC}") = "Tests", "Tests\Tests.csproj", "{0517710F-4A3D-4496-AD11-43B5EB0FD6A4}"
EndProject
Global
	GlobalSection(SolutionConfigurationPlatforms) = preSolution
		Debug|Any CPU = Debug|Any CPU
		Release|Any CPU = Release|Any CPU
	EndGlobalSection
	GlobalSection(ProjectConfigurationPlatforms) = postSolution
		{C82E5223-D581-4166-AD57-05BAD6AF5D04}.Debug|Any CPU.ActiveCfg = Debug|Any CPU
		{C82E5223-D581-4166-AD57-05BAD6AF5D04}.Debug|Any CPU.Build.0 = Debug|Any CPU
		{C82E5223-D581-4166-AD57-05BAD6AF5D04}.Release|Any CPU.ActiveCfg = Release|Any CPU
		{C82E5223-D581-4166-AD57-05BAD6AF5D04}.Release|Any CPU.Build.0 = Release|Any CPU
		{0517710F-4A3D-4496-AD11-43B5EB0FD6A4}.Debug|Any CPU.ActiveCfg = Debug|Any CPU
		{0517710F-4A3D-4496-AD11-43B5EB0FD6A4}.Debug|Any CPU.Build.0 = Debug|Any CPU
		{0517710F-4A3D-4496-AD11-43B5EB0FD6A4}.Release|Any CPU.ActiveCfg = Release|Any CPU
		{0517710F-4A3D-4496-AD11-43B5EB0FD6A4}.Release|Any CPU.Build.0 = Release|Any CPU
	EndGlobalSection
	GlobalSection(SolutionProperties) = preSolution
		HideSolutionNode = FALSE
	EndGlobalSection
	GlobalSection(ExtensibilityGlobals) = postSolution
		SolutionGuid = {0EADEC8D-73E4-40FE-8478-335B4C845BEC}
	EndGlobalSection
EndGlobal
